
Microsoft Visual Studio Solution File, Format Version 12.00
# Visual Studio 15
VisualStudioVersion = 15.0.28010.2048
MinimumVisualStudioVersion = 10.0.40219.1
Project("{FAE04EC0-301F-11D3-BF4B-00C04F79EFBC}") = "EventPlanners.Android", "EventPlanners\EventPlanners.Android\EventPlanners.Android.csproj", "{8BE194D9-9B9D-4BBC-9B43-5390EB4232C1}"
EndProject
Project("{FAE04EC0-301F-11D3-BF4B-00C04F79EFBC}") = "EventPlanners.iOS", "EventPlanners\EventPlanners.iOS\EventPlanners.iOS.csproj", "{E283F1E7-DA0D-4C88-9937-8EB1D45A36EC}"
EndProject
Project("{FAE04EC0-301F-11D3-BF4B-00C04F79EFBC}") = "EventPlanners", "EventPlanners\EventPlanners\EventPlanners.csproj", "{D6F32C6E-2982-4EE7-8EEE-91EA0C1FDA6F}"
EndProject
Global
	GlobalSection(SolutionConfigurationPlatforms) = preSolution
		Ad-Hoc|Any CPU = Ad-Hoc|Any CPU
		Ad-Hoc|iPhone = Ad-Hoc|iPhone
		Ad-Hoc|iPhoneSimulator = Ad-Hoc|iPhoneSimulator
		AppStore|Any CPU = AppStore|Any CPU
		AppStore|iPhone = AppStore|iPhone
		AppStore|iPhoneSimulator = AppStore|iPhoneSimulator
		Debug|Any CPU = Debug|Any CPU
		Debug|iPhone = Debug|iPhone
		Debug|iPhoneSimulator = Debug|iPhoneSimulator
		Release|Any CPU = Release|Any CPU
		Release|iPhone = Release|iPhone
		Release|iPhoneSimulator = Release|iPhoneSimulator
	EndGlobalSection
	GlobalSection(ProjectConfigurationPlatforms) = postSolution
		{8BE194D9-9B9D-4BBC-9B43-5390EB4232C1}.Ad-Hoc|Any CPU.ActiveCfg = Release|Any CPU
		{8BE194D9-9B9D-4BBC-9B43-5390EB4232C1}.Ad-Hoc|Any CPU.Build.0 = Release|Any CPU
		{8BE194D9-9B9D-4BBC-9B43-5390EB4232C1}.Ad-Hoc|Any CPU.Deploy.0 = Release|Any CPU
		{8BE194D9-9B9D-4BBC-9B43-5390EB4232C1}.Ad-Hoc|iPhone.ActiveCfg = Release|Any CPU
		{8BE194D9-9B9D-4BBC-9B43-5390EB4232C1}.Ad-Hoc|iPhone.Build.0 = Release|Any CPU
		{8BE194D9-9B9D-4BBC-9B43-5390EB4232C1}.Ad-Hoc|iPhone.Deploy.0 = Release|Any CPU
		{8BE194D9-9B9D-4BBC-9B43-5390EB4232C1}.Ad-Hoc|iPhoneSimulator.ActiveCfg = Release|Any CPU
		{8BE194D9-9B9D-4BBC-9B43-5390EB4232C1}.Ad-Hoc|iPhoneSimulator.Build.0 = Release|Any CPU
		{8BE194D9-9B9D-4BBC-9B43-5390EB4232C1}.Ad-Hoc|iPhoneSimulator.Deploy.0 = Release|Any CPU
		{8BE194D9-9B9D-4BBC-9B43-5390EB4232C1}.AppStore|Any CPU.ActiveCfg = Release|Any CPU
		{8BE194D9-9B9D-4BBC-9B43-5390EB4232C1}.AppStore|Any CPU.Build.0 = Release|Any CPU
		{8BE194D9-9B9D-4BBC-9B43-5390EB4232C1}.AppStore|Any CPU.Deploy.0 = Release|Any CPU
		{8BE194D9-9B9D-4BBC-9B43-5390EB4232C1}.AppStore|iPhone.ActiveCfg = Release|Any CPU
		{8BE194D9-9B9D-4BBC-9B43-5390EB4232C1}.AppStore|iPhone.Build.0 = Release|Any CPU
		{8BE194D9-9B9D-4BBC-9B43-5390EB4232C1}.AppStore|iPhone.Deploy.0 = Release|Any CPU
		{8BE194D9-9B9D-4BBC-9B43-5390EB4232C1}.AppStore|iPhoneSimulator.ActiveCfg = Release|Any CPU
		{8BE194D9-9B9D-4BBC-9B43-5390EB4232C1}.AppStore|iPhoneSimulator.Build.0 = Release|Any CPU
		{8BE194D9-9B9D-4BBC-9B43-5390EB4232C1}.AppStore|iPhoneSimulator.Deploy.0 = Release|Any CPU
		{8BE194D9-9B9D-4BBC-9B43-5390EB4232C1}.Debug|Any CPU.ActiveCfg = Debug|Any CPU
		{8BE194D9-9B9D-4BBC-9B43-5390EB4232C1}.Debug|Any CPU.Build.0 = Debug|Any CPU
		{8BE194D9-9B9D-4BBC-9B43-5390EB4232C1}.Debug|Any CPU.Deploy.0 = Debug|Any CPU
		{8BE194D9-9B9D-4BBC-9B43-5390EB4232C1}.Debug|iPhone.ActiveCfg = Debug|Any CPU
		{8BE194D9-9B9D-4BBC-9B43-5390EB4232C1}.Debug|iPhone.Build.0 = Debug|Any CPU
		{8BE194D9-9B9D-4BBC-9B43-5390EB4232C1}.Debug|iPhone.Deploy.0 = Debug|Any CPU
		{8BE194D9-9B9D-4BBC-9B43-5390EB4232C1}.Debug|iPhoneSimulator.ActiveCfg = Debug|Any CPU
		{8BE194D9-9B9D-4BBC-9B43-5390EB4232C1}.Debug|iPhoneSimulator.Build.0 = Debug|Any CPU
		{8BE194D9-9B9D-4BBC-9B43-5390EB4232C1}.Debug|iPhoneSimulator.Deploy.0 = Debug|Any CPU
		{8BE194D9-9B9D-4BBC-9B43-5390EB4232C1}.Release|Any CPU.ActiveCfg = Release|Any CPU
		{8BE194D9-9B9D-4BBC-9B43-5390EB4232C1}.Release|Any CPU.Build.0 = Release|Any CPU
		{8BE194D9-9B9D-4BBC-9B43-5390EB4232C1}.Release|Any CPU.Deploy.0 = Release|Any CPU
		{8BE194D9-9B9D-4BBC-9B43-5390EB4232C1}.Release|iPhone.ActiveCfg = Release|Any CPU
		{8BE194D9-9B9D-4BBC-9B43-5390EB4232C1}.Release|iPhone.Build.0 = Release|Any CPU
		{8BE194D9-9B9D-4BBC-9B43-5390EB4232C1}.Release|iPhone.Deploy.0 = Release|Any CPU
		{8BE194D9-9B9D-4BBC-9B43-5390EB4232C1}.Release|iPhoneSimulator.ActiveCfg = Release|Any CPU
		{8BE194D9-9B9D-4BBC-9B43-5390EB4232C1}.Release|iPhoneSimulator.Build.0 = Release|Any CPU
		{8BE194D9-9B9D-4BBC-9B43-5390EB4232C1}.Release|iPhoneSimulator.Deploy.0 = Release|Any CPU
		{E283F1E7-DA0D-4C88-9937-8EB1D45A36EC}.Ad-Hoc|Any CPU.ActiveCfg = Ad-Hoc|iPhone
		{E283F1E7-DA0D-4C88-9937-8EB1D45A36EC}.Ad-Hoc|Any CPU.Build.0 = Ad-Hoc|iPhone
		{E283F1E7-DA0D-4C88-9937-8EB1D45A36EC}.Ad-Hoc|Any CPU.Deploy.0 = Ad-Hoc|iPhone
		{E283F1E7-DA0D-4C88-9937-8EB1D45A36EC}.Ad-Hoc|iPhone.ActiveCfg = Ad-Hoc|iPhone
		{E283F1E7-DA0D-4C88-9937-8EB1D45A36EC}.Ad-Hoc|iPhone.Build.0 = Ad-Hoc|iPhone
		{E283F1E7-DA0D-4C88-9937-8EB1D45A36EC}.Ad-Hoc|iPhone.Deploy.0 = Ad-Hoc|iPhone
		{E283F1E7-DA0D-4C88-9937-8EB1D45A36EC}.Ad-Hoc|iPhoneSimulator.ActiveCfg = Ad-Hoc|iPhoneSimulator
		{E283F1E7-DA0D-4C88-9937-8EB1D45A36EC}.Ad-Hoc|iPhoneSimulator.Build.0 = Ad-Hoc|iPhoneSimulator
		{E283F1E7-DA0D-4C88-9937-8EB1D45A36EC}.Ad-Hoc|iPhoneSimulator.Deploy.0 = Ad-Hoc|iPhoneSimulator
		{E283F1E7-DA0D-4C88-9937-8EB1D45A36EC}.AppStore|Any CPU.ActiveCfg = AppStore|iPhone
		{E283F1E7-DA0D-4C88-9937-8EB1D45A36EC}.AppStore|Any CPU.Build.0 = AppStore|iPhone
		{E283F1E7-DA0D-4C88-9937-8EB1D45A36EC}.AppStore|Any CPU.Deploy.0 = AppStore|iPhone
		{E283F1E7-DA0D-4C88-9937-8EB1D45A36EC}.AppStore|iPhone.ActiveCfg = AppStore|iPhone
		{E283F1E7-DA0D-4C88-9937-8EB1D45A36EC}.AppStore|iPhone.Build.0 = AppStore|iPhone
		{E283F1E7-DA0D-4C88-9937-8EB1D45A36EC}.AppStore|iPhone.Deploy.0 = AppStore|iPhone
		{E283F1E7-DA0D-4C88-9937-8EB1D45A36EC}.AppStore|iPhoneSimulator.ActiveCfg = AppStore|iPhoneSimulator
		{E283F1E7-DA0D-4C88-9937-8EB1D45A36EC}.AppStore|iPhoneSimulator.Build.0 = AppStore|iPhoneSimulator
		{E283F1E7-DA0D-4C88-9937-8EB1D45A36EC}.AppStore|iPhoneSimulator.Deploy.0 = AppStore|iPhoneSimulator
		{E283F1E7-DA0D-4C88-9937-8EB1D45A36EC}.Debug|Any CPU.ActiveCfg = Debug|iPhoneSimulator
		{E283F1E7-DA0D-4C88-9937-8EB1D45A36EC}.Debug|Any CPU.Build.0 = Debug|iPhoneSimulator
		{E283F1E7-DA0D-4C88-9937-8EB1D45A36EC}.Debug|Any CPU.Deploy.0 = Debug|iPhoneSimulator
		{E283F1E7-DA0D-4C88-9937-8EB1D45A36EC}.Debug|iPhone.ActiveCfg = Debug|iPhone
		{E283F1E7-DA0D-4C88-9937-8EB1D45A36EC}.Debug|iPhone.Build.0 = Debug|iPhone
		{E283F1E7-DA0D-4C88-9937-8EB1D45A36EC}.Debug|iPhone.Deploy.0 = Debug|iPhone
		{E283F1E7-DA0D-4C88-9937-8EB1D45A36EC}.Debug|iPhoneSimulator.ActiveCfg = Debug|iPhoneSimulator
		{E283F1E7-DA0D-4C88-9937-8EB1D45A36EC}.Debug|iPhoneSimulator.Build.0 = Debug|iPhoneSimulator
		{E283F1E7-DA0D-4C88-9937-8EB1D45A36EC}.Debug|iPhoneSimulator.Deploy.0 = Debug|iPhoneSimulator
		{E283F1E7-DA0D-4C88-9937-8EB1D45A36EC}.Release|Any CPU.ActiveCfg = Release|iPhone
		{E283F1E7-DA0D-4C88-9937-8EB1D45A36EC}.Release|Any CPU.Build.0 = Release|iPhone
		{E283F1E7-DA0D-4C88-9937-8EB1D45A36EC}.Release|Any CPU.Deploy.0 = Release|iPhone
		{E283F1E7-DA0D-4C88-9937-8EB1D45A36EC}.Release|iPhone.ActiveCfg = Release|iPhone
		{E283F1E7-DA0D-4C88-9937-8EB1D45A36EC}.Release|iPhone.Build.0 = Release|iPhone
		{E283F1E7-DA0D-4C88-9937-8EB1D45A36EC}.Release|iPhone.Deploy.0 = Release|iPhone
		{E283F1E7-DA0D-4C88-9937-8EB1D45A36EC}.Release|iPhoneSimulator.ActiveCfg = Release|iPhoneSimulator
		{E283F1E7-DA0D-4C88-9937-8EB1D45A36EC}.Release|iPhoneSimulator.Build.0 = Release|iPhoneSimulator
		{E283F1E7-DA0D-4C88-9937-8EB1D45A36EC}.Release|iPhoneSimulator.Deploy.0 = Release|iPhoneSimulator
		{D6F32C6E-2982-4EE7-8EEE-91EA0C1FDA6F}.Ad-Hoc|Any CPU.ActiveCfg = Debug|Any CPU
		{D6F32C6E-2982-4EE7-8EEE-91EA0C1FDA6F}.Ad-Hoc|Any CPU.Build.0 = Debug|Any CPU
		{D6F32C6E-2982-4EE7-8EEE-91EA0C1FDA6F}.Ad-Hoc|Any CPU.Deploy.0 = Debug|Any CPU
		{D6F32C6E-2982-4EE7-8EEE-91EA0C1FDA6F}.Ad-Hoc|iPhone.ActiveCfg = Debug|Any CPU
		{D6F32C6E-2982-4EE7-8EEE-91EA0C1FDA6F}.Ad-Hoc|iPhone.Build.0 = Debug|Any CPU
		{D6F32C6E-2982-4EE7-8EEE-91EA0C1FDA6F}.Ad-Hoc|iPhone.Deploy.0 = Debug|Any CPU
		{D6F32C6E-2982-4EE7-8EEE-91EA0C1FDA6F}.Ad-Hoc|iPhoneSimulator.ActiveCfg = Debug|Any CPU
		{D6F32C6E-2982-4EE7-8EEE-91EA0C1FDA6F}.Ad-Hoc|iPhoneSimulator.Build.0 = Debug|Any CPU
		{D6F32C6E-2982-4EE7-8EEE-91EA0C1FDA6F}.Ad-Hoc|iPhoneSimulator.Deploy.0 = Debug|Any CPU
		{D6F32C6E-2982-4EE7-8EEE-91EA0C1FDA6F}.AppStore|Any CPU.ActiveCfg = Debug|Any CPU
		{D6F32C6E-2982-4EE7-8EEE-91EA0C1FDA6F}.AppStore|Any CPU.Build.0 = Debug|Any CPU
		{D6F32C6E-2982-4EE7-8EEE-91EA0C1FDA6F}.AppStore|Any CPU.Deploy.0 = Debug|Any CPU
		{D6F32C6E-2982-4EE7-8EEE-91EA0C1FDA6F}.AppStore|iPhone.ActiveCfg = Debug|Any CPU
		{D6F32C6E-2982-4EE7-8EEE-91EA0C1FDA6F}.AppStore|iPhone.Build.0 = Debug|Any CPU
		{D6F32C6E-2982-4EE7-8EEE-91EA0C1FDA6F}.AppStore|iPhone.Deploy.0 = Debug|Any CPU
		{D6F32C6E-2982-4EE7-8EEE-91EA0C1FDA6F}.AppStore|iPhoneSimulator.ActiveCfg = Debug|Any CPU
		{D6F32C6E-2982-4EE7-8EEE-91EA0C1FDA6F}.AppStore|iPhoneSimulator.Build.0 = Debug|Any CPU
		{D6F32C6E-2982-4EE7-8EEE-91EA0C1FDA6F}.AppStore|iPhoneSimulator.Deploy.0 = Debug|Any CPU
		{D6F32C6E-2982-4EE7-8EEE-91EA0C1FDA6F}.Debug|Any CPU.ActiveCfg = Debug|Any CPU
		{D6F32C6E-2982-4EE7-8EEE-91EA0C1FDA6F}.Debug|Any CPU.Build.0 = Debug|Any CPU
		{D6F32C6E-2982-4EE7-8EEE-91EA0C1FDA6F}.Debug|Any CPU.Deploy.0 = Debug|Any CPU
		{D6F32C6E-2982-4EE7-8EEE-91EA0C1FDA6F}.Debug|iPhone.ActiveCfg = Debug|Any CPU
		{D6F32C6E-2982-4EE7-8EEE-91EA0C1FDA6F}.Debug|iPhone.Build.0 = Debug|Any CPU
		{D6F32C6E-2982-4EE7-8EEE-91EA0C1FDA6F}.Debug|iPhone.Deploy.0 = Debug|Any CPU
		{D6F32C6E-2982-4EE7-8EEE-91EA0C1FDA6F}.Debug|iPhoneSimulator.ActiveCfg = Debug|Any CPU
		{D6F32C6E-2982-4EE7-8EEE-91EA0C1FDA6F}.Debug|iPhoneSimulator.Build.0 = Debug|Any CPU
		{D6F32C6E-2982-4EE7-8EEE-91EA0C1FDA6F}.Debug|iPhoneSimulator.Deploy.0 = Debug|Any CPU
		{D6F32C6E-2982-4EE7-8EEE-91EA0C1FDA6F}.Release|Any CPU.ActiveCfg = Release|Any CPU
		{D6F32C6E-2982-4EE7-8EEE-91EA0C1FDA6F}.Release|Any CPU.Build.0 = Release|Any CPU
		{D6F32C6E-2982-4EE7-8EEE-91EA0C1FDA6F}.Release|Any CPU.Deploy.0 = Release|Any CPU
		{D6F32C6E-2982-4EE7-8EEE-91EA0C1FDA6F}.Release|iPhone.ActiveCfg = Release|Any CPU
		{D6F32C6E-2982-4EE7-8EEE-91EA0C1FDA6F}.Release|iPhone.Build.0 = Release|Any CPU
		{D6F32C6E-2982-4EE7-8EEE-91EA0C1FDA6F}.Release|iPhone.Deploy.0 = Release|Any CPU
		{D6F32C6E-2982-4EE7-8EEE-91EA0C1FDA6F}.Release|iPhoneSimulator.ActiveCfg = Release|Any CPU
		{D6F32C6E-2982-4EE7-8EEE-91EA0C1FDA6F}.Release|iPhoneSimulator.Build.0 = Release|Any CPU
		{D6F32C6E-2982-4EE7-8EEE-91EA0C1FDA6F}.Release|iPhoneSimulator.Deploy.0 = Release|Any CPU
	EndGlobalSection
	GlobalSection(SolutionProperties) = preSolution
		HideSolutionNode = FALSE
	EndGlobalSection
	GlobalSection(ExtensibilityGlobals) = postSolution
		SolutionGuid = {B5B83307-9B7B-4824-BE36-05F6B4109C50}
	EndGlobalSection
EndGlobal
